
Microsoft Visual Studio Solution File, Format Version 12.00
# Visual Studio Version 16
VisualStudioVersion = 16.0.31911.196
MinimumVisualStudioVersion = 10.0.40219.1
Project("{FAE04EC0-301F-11D3-BF4B-00C04F79EFBC}") = "DurationFormat", "DurationFormat.csproj", "{F3DB8E5B-3D16-45F9-9649-D7835E12E67B}"
EndProject
Global
	GlobalSection(SolutionConfigurationPlatforms) = preSolution
		Debug|Any CPU = Debug|Any CPU
		Release|Any CPU = Release|Any CPU
	EndGlobalSection
	GlobalSection(ProjectConfigurationPlatforms) = postSolution
		{F3DB8E5B-3D16-45F9-9649-D7835E12E67B}.Debug|Any CPU.ActiveCfg = Debug|Any CPU
		{F3DB8E5B-3D16-45F9-9649-D7835E12E67B}.Debug|Any CPU.Build.0 = Debug|Any CPU
		{F3DB8E5B-3D16-45F9-9649-D7835E12E67B}.Release|Any CPU.ActiveCfg = Release|Any CPU
		{F3DB8E5B-3D16-45F9-9649-D7835E12E67B}.Release|Any CPU.Build.0 = Release|Any CPU
	EndGlobalSection
	GlobalSection(SolutionProperties) = preSolution
		HideSolutionNode = FALSE
	EndGlobalSection
	GlobalSection(ExtensibilityGlobals) = postSolution
		SolutionGuid = {CC4B340E-954E-456F-A9AA-CAA5CA046CBD}
	EndGlobalSection
EndGlobal
